
Microsoft Visual Studio Solution File, Format Version 12.00
# Visual Studio 15
VisualStudioVersion = 15.0.27428.2043
MinimumVisualStudioVersion = 10.0.40219.1
Project("{FAE04EC0-301F-11D3-BF4B-00C04F79EFBC}") = "StudyOne", "StudyOne\StudyOne.csproj", "{C85C8C99-2765-4992-A128-9670D1BBA714}"
EndProject
Project("{FAE04EC0-301F-11D3-BF4B-00C04F79EFBC}") = "IDbHelper", "IDbHelper\IDbHelper.csproj", "{7F92BC4A-743E-449B-A91E-1AD9EBD5BDC5}"
EndProject
Global
	GlobalSection(SolutionConfigurationPlatforms) = preSolution
		Debug|Any CPU = Debug|Any CPU
		Release|Any CPU = Release|Any CPU
	EndGlobalSection
	GlobalSection(ProjectConfigurationPlatforms) = postSolution
		{C85C8C99-2765-4992-A128-9670D1BBA714}.Debug|Any CPU.ActiveCfg = Debug|Any CPU
		{C85C8C99-2765-4992-A128-9670D1BBA714}.Debug|Any CPU.Build.0 = Debug|Any CPU
		{C85C8C99-2765-4992-A128-9670D1BBA714}.Release|Any CPU.ActiveCfg = Release|Any CPU
		{C85C8C99-2765-4992-A128-9670D1BBA714}.Release|Any CPU.Build.0 = Release|Any CPU
		{7F92BC4A-743E-449B-A91E-1AD9EBD5BDC5}.Debug|Any CPU.ActiveCfg = Debug|Any CPU
		{7F92BC4A-743E-449B-A91E-1AD9EBD5BDC5}.Debug|Any CPU.Build.0 = Debug|Any CPU
		{7F92BC4A-743E-449B-A91E-1AD9EBD5BDC5}.Release|Any CPU.ActiveCfg = Release|Any CPU
		{7F92BC4A-743E-449B-A91E-1AD9EBD5BDC5}.Release|Any CPU.Build.0 = Release|Any CPU
	EndGlobalSection
	GlobalSection(SolutionProperties) = preSolution
		HideSolutionNode = FALSE
	EndGlobalSection
	GlobalSection(ExtensibilityGlobals) = postSolution
		SolutionGuid = {4E827F9F-94D2-467B-9889-A2FF8DE9B733}
	EndGlobalSection
EndGlobal
